// !$*UTF8*$!
{
	archiveVersion = 1;
	classes = {
	};
	objectVersion = 56;
	objects = {

/* Begin PBXBuildFile section */
		420516782C23ECFF009D7B48 /* gunnihaeba_iOSApp.swift in Sources */ = {isa = PBXBuildFile; fileRef = 420516772C23ECFF009D7B48 /* gunnihaeba_iOSApp.swift */; };
		4205167C2C23ECFF009D7B48 /* Assets.xcassets in Resources */ = {isa = PBXBuildFile; fileRef = 4205167B2C23ECFF009D7B48 /* Assets.xcassets */; };
		4205167F2C23ECFF009D7B48 /* Preview Assets.xcassets in Resources */ = {isa = PBXBuildFile; fileRef = 4205167E2C23ECFF009D7B48 /* Preview Assets.xcassets */; };
		4205168A2C23ED59009D7B48 /* SampleModel.swift in Sources */ = {isa = PBXBuildFile; fileRef = 420516892C23ED59009D7B48 /* SampleModel.swift */; };
		4205168C2C23ED5D009D7B48 /* SampleComponent.swift in Sources */ = {isa = PBXBuildFile; fileRef = 4205168B2C23ED5D009D7B48 /* SampleComponent.swift */; };
		420516902C23ED6A009D7B48 /* SampleViewModel.swift in Sources */ = {isa = PBXBuildFile; fileRef = 4205168F2C23ED69009D7B48 /* SampleViewModel.swift */; };
		420516922C23EDE1009D7B48 /* HomeView.swift in Sources */ = {isa = PBXBuildFile; fileRef = 420516912C23EDE1009D7B48 /* HomeView.swift */; };
		420516962C23EDE7009D7B48 /* PostDetailViewModel.swift in Sources */ = {isa = PBXBuildFile; fileRef = 420516952C23EDE7009D7B48 /* PostDetailViewModel.swift */; };
		420516982C23EDF6009D7B48 /* PostDetailView.swift in Sources */ = {isa = PBXBuildFile; fileRef = 420516972C23EDF6009D7B48 /* PostDetailView.swift */; };
		4205169A2C23EE07009D7B48 /* PostDetailModel.swift in Sources */ = {isa = PBXBuildFile; fileRef = 420516992C23EE07009D7B48 /* PostDetailModel.swift */; };
		420516A22C23EE1E009D7B48 /* PostingView.swift in Sources */ = {isa = PBXBuildFile; fileRef = 420516A12C23EE1E009D7B48 /* PostingView.swift */; };
		420516AB2C2507C3009D7B48 /* SignInView.swift in Sources */ = {isa = PBXBuildFile; fileRef = 420516AA2C2507C3009D7B48 /* SignInView.swift */; };
		420516AD2C2507C9009D7B48 /* SignUpView.swift in Sources */ = {isa = PBXBuildFile; fileRef = 420516AC2C2507C9009D7B48 /* SignUpView.swift */; };
		420516AF2C250807009D7B48 /* InputField.swift in Sources */ = {isa = PBXBuildFile; fileRef = 420516AE2C250807009D7B48 /* InputField.swift */; };
		420516B12C250939009D7B48 /* SignUpModel.swift in Sources */ = {isa = PBXBuildFile; fileRef = 420516B02C250939009D7B48 /* SignUpModel.swift */; };
		420516B32C2509E4009D7B48 /* SignUpViewModel.swift in Sources */ = {isa = PBXBuildFile; fileRef = 420516B22C2509E4009D7B48 /* SignUpViewModel.swift */; };
		420516B62C250A61009D7B48 /* ApiContent.plist in Resources */ = {isa = PBXBuildFile; fileRef = 420516B52C250A61009D7B48 /* ApiContent.plist */; };
		420516BC2C251488009D7B48 /* SignInViewModel.swift in Sources */ = {isa = PBXBuildFile; fileRef = 420516BB2C251488009D7B48 /* SignInViewModel.swift */; };
		420516CF2C26EE54009D7B48 /* LoginUserHashCache.swift in Sources */ = {isa = PBXBuildFile; fileRef = 420516C22C26EE53009D7B48 /* LoginUserHashCache.swift */; };
		420516D02C26EE54009D7B48 /* LoginRequest.swift in Sources */ = {isa = PBXBuildFile; fileRef = 420516C42C26EE53009D7B48 /* LoginRequest.swift */; };
		420516D12C26EE54009D7B48 /* ReissueRequest.swift in Sources */ = {isa = PBXBuildFile; fileRef = 420516C52C26EE53009D7B48 /* ReissueRequest.swift */; };
		420516D22C26EE54009D7B48 /* LoginResponse.swift in Sources */ = {isa = PBXBuildFile; fileRef = 420516C72C26EE53009D7B48 /* LoginResponse.swift */; };
		420516D32C26EE54009D7B48 /* ReissueResponse.swift in Sources */ = {isa = PBXBuildFile; fileRef = 420516C82C26EE53009D7B48 /* ReissueResponse.swift */; };
		420516D42C26EE54009D7B48 /* AuthService.swift in Sources */ = {isa = PBXBuildFile; fileRef = 420516CA2C26EE53009D7B48 /* AuthService.swift */; };
		420516D52C26EE54009D7B48 /* RemoteAuthService.swift in Sources */ = {isa = PBXBuildFile; fileRef = 420516CB2C26EE53009D7B48 /* RemoteAuthService.swift */; };
		420516D62C26EE54009D7B48 /* Interceptor.swift in Sources */ = {isa = PBXBuildFile; fileRef = 420516CD2C26EE53009D7B48 /* Interceptor.swift */; };
		420516D82C26EEE0009D7B48 /* Response.swift in Sources */ = {isa = PBXBuildFile; fileRef = 420516D72C26EEE0009D7B48 /* Response.swift */; };
		420516DC2C26F298009D7B48 /* MyIssueModel.swift in Sources */ = {isa = PBXBuildFile; fileRef = 420516DB2C26F298009D7B48 /* MyIssueModel.swift */; };
		420516DE2C26F2CE009D7B48 /* MyIssueViewModel.swift in Sources */ = {isa = PBXBuildFile; fileRef = 420516DD2C26F2CE009D7B48 /* MyIssueViewModel.swift */; };
		420516E02C26F676009D7B48 /* IssueCell.swift in Sources */ = {isa = PBXBuildFile; fileRef = 420516DF2C26F676009D7B48 /* IssueCell.swift */; };
		420516E22C270520009D7B48 /* PostListViewModel.swift in Sources */ = {isa = PBXBuildFile; fileRef = 420516E12C270520009D7B48 /* PostListViewModel.swift */; };
		420516E42C27054B009D7B48 /* PostsCell.swift in Sources */ = {isa = PBXBuildFile; fileRef = 420516E32C27054B009D7B48 /* PostsCell.swift */; };
		420516E62C270723009D7B48 /* PostListModel.swift in Sources */ = {isa = PBXBuildFile; fileRef = 420516E52C270723009D7B48 /* PostListModel.swift */; };
		420516E82C270EE4009D7B48 /* LogOutView.swift in Sources */ = {isa = PBXBuildFile; fileRef = 420516E72C270EE4009D7B48 /* LogOutView.swift */; };
		420516EA2C271196009D7B48 /* CommentCell.swift in Sources */ = {isa = PBXBuildFile; fileRef = 420516E92C271196009D7B48 /* CommentCell.swift */; };
		4D5A673E2C23EEEF00BB2D2D /* ContentView.swift in Sources */ = {isa = PBXBuildFile; fileRef = 4D5A673D2C23EEEF00BB2D2D /* ContentView.swift */; };
		4D5A67402C23EF1700BB2D2D /* MyguniEditView.swift in Sources */ = {isa = PBXBuildFile; fileRef = 4D5A673F2C23EF1700BB2D2D /* MyguniEditView.swift */; };
		4D5A67422C23EF3800BB2D2D /* MyguniView.swift in Sources */ = {isa = PBXBuildFile; fileRef = 4D5A67412C23EF3800BB2D2D /* MyguniView.swift */; };
		4D5A67442C23EF5900BB2D2D /* ColorSet.swift in Sources */ = {isa = PBXBuildFile; fileRef = 4D5A67432C23EF5900BB2D2D /* ColorSet.swift */; };
		4D7EDBF12C290C9B0071C350 /* Alamofire in Frameworks */ = {isa = PBXBuildFile; productRef = 4D7EDBF02C290C9B0071C350 /* Alamofire */; };
/* End PBXBuildFile section */

/* Begin PBXFileReference section */
		420516742C23ECFF009D7B48 /* gunnihaeba-iOS.app */ = {isa = PBXFileReference; explicitFileType = wrapper.application; includeInIndex = 0; path = "gunnihaeba-iOS.app"; sourceTree = BUILT_PRODUCTS_DIR; };
		420516772C23ECFF009D7B48 /* gunnihaeba_iOSApp.swift */ = {isa = PBXFileReference; lastKnownFileType = sourcecode.swift; path = gunnihaeba_iOSApp.swift; sourceTree = "<group>"; };
		4205167B2C23ECFF009D7B48 /* Assets.xcassets */ = {isa = PBXFileReference; lastKnownFileType = folder.assetcatalog; path = Assets.xcassets; sourceTree = "<group>"; };
		4205167E2C23ECFF009D7B48 /* Preview Assets.xcassets */ = {isa = PBXFileReference; lastKnownFileType = folder.assetcatalog; path = "Preview Assets.xcassets"; sourceTree = "<group>"; };
		420516892C23ED59009D7B48 /* SampleModel.swift */ = {isa = PBXFileReference; fileEncoding = 4; lastKnownFileType = sourcecode.swift; path = SampleModel.swift; sourceTree = "<group>"; };
		4205168B2C23ED5D009D7B48 /* SampleComponent.swift */ = {isa = PBXFileReference; fileEncoding = 4; lastKnownFileType = sourcecode.swift; path = SampleComponent.swift; sourceTree = "<group>"; };
		4205168F2C23ED69009D7B48 /* SampleViewModel.swift */ = {isa = PBXFileReference; fileEncoding = 4; lastKnownFileType = sourcecode.swift; path = SampleViewModel.swift; sourceTree = "<group>"; };
		420516912C23EDE1009D7B48 /* HomeView.swift */ = {isa = PBXFileReference; fileEncoding = 4; lastKnownFileType = sourcecode.swift; path = HomeView.swift; sourceTree = "<group>"; };
		420516952C23EDE7009D7B48 /* PostDetailViewModel.swift */ = {isa = PBXFileReference; fileEncoding = 4; lastKnownFileType = sourcecode.swift; path = PostDetailViewModel.swift; sourceTree = "<group>"; };
		420516972C23EDF6009D7B48 /* PostDetailView.swift */ = {isa = PBXFileReference; fileEncoding = 4; lastKnownFileType = sourcecode.swift; path = PostDetailView.swift; sourceTree = "<group>"; };
		420516992C23EE07009D7B48 /* PostDetailModel.swift */ = {isa = PBXFileReference; fileEncoding = 4; lastKnownFileType = sourcecode.swift; path = PostDetailModel.swift; sourceTree = "<group>"; };
		420516A12C23EE1E009D7B48 /* PostingView.swift */ = {isa = PBXFileReference; fileEncoding = 4; lastKnownFileType = sourcecode.swift; path = PostingView.swift; sourceTree = "<group>"; };
		420516AA2C2507C3009D7B48 /* SignInView.swift */ = {isa = PBXFileReference; lastKnownFileType = sourcecode.swift; path = SignInView.swift; sourceTree = "<group>"; };
		420516AC2C2507C9009D7B48 /* SignUpView.swift */ = {isa = PBXFileReference; lastKnownFileType = sourcecode.swift; path = SignUpView.swift; sourceTree = "<group>"; };
		420516AE2C250807009D7B48 /* InputField.swift */ = {isa = PBXFileReference; lastKnownFileType = sourcecode.swift; path = InputField.swift; sourceTree = "<group>"; };
		420516B02C250939009D7B48 /* SignUpModel.swift */ = {isa = PBXFileReference; lastKnownFileType = sourcecode.swift; path = SignUpModel.swift; sourceTree = "<group>"; };
		420516B22C2509E4009D7B48 /* SignUpViewModel.swift */ = {isa = PBXFileReference; lastKnownFileType = sourcecode.swift; path = SignUpViewModel.swift; sourceTree = "<group>"; };
		420516B52C250A61009D7B48 /* ApiContent.plist */ = {isa = PBXFileReference; lastKnownFileType = text.plist.xml; path = ApiContent.plist; sourceTree = "<group>"; };
		420516B72C250B54009D7B48 /* Info.plist */ = {isa = PBXFileReference; lastKnownFileType = text.plist.xml; path = Info.plist; sourceTree = "<group>"; };
		420516BB2C251488009D7B48 /* SignInViewModel.swift */ = {isa = PBXFileReference; lastKnownFileType = sourcecode.swift; path = SignInViewModel.swift; sourceTree = "<group>"; };
		420516C22C26EE53009D7B48 /* LoginUserHashCache.swift */ = {isa = PBXFileReference; fileEncoding = 4; lastKnownFileType = sourcecode.swift; path = LoginUserHashCache.swift; sourceTree = "<group>"; };
		420516C42C26EE53009D7B48 /* LoginRequest.swift */ = {isa = PBXFileReference; fileEncoding = 4; lastKnownFileType = sourcecode.swift; path = LoginRequest.swift; sourceTree = "<group>"; };
		420516C52C26EE53009D7B48 /* ReissueRequest.swift */ = {isa = PBXFileReference; fileEncoding = 4; lastKnownFileType = sourcecode.swift; path = ReissueRequest.swift; sourceTree = "<group>"; };
		420516C72C26EE53009D7B48 /* LoginResponse.swift */ = {isa = PBXFileReference; fileEncoding = 4; lastKnownFileType = sourcecode.swift; path = LoginResponse.swift; sourceTree = "<group>"; };
		420516C82C26EE53009D7B48 /* ReissueResponse.swift */ = {isa = PBXFileReference; fileEncoding = 4; lastKnownFileType = sourcecode.swift; path = ReissueResponse.swift; sourceTree = "<group>"; };
		420516CA2C26EE53009D7B48 /* AuthService.swift */ = {isa = PBXFileReference; fileEncoding = 4; lastKnownFileType = sourcecode.swift; path = AuthService.swift; sourceTree = "<group>"; };
		420516CB2C26EE53009D7B48 /* RemoteAuthService.swift */ = {isa = PBXFileReference; fileEncoding = 4; lastKnownFileType = sourcecode.swift; path = RemoteAuthService.swift; sourceTree = "<group>"; };
		420516CD2C26EE53009D7B48 /* Interceptor.swift */ = {isa = PBXFileReference; fileEncoding = 4; lastKnownFileType = sourcecode.swift; path = Interceptor.swift; sourceTree = "<group>"; };
		420516D72C26EEE0009D7B48 /* Response.swift */ = {isa = PBXFileReference; lastKnownFileType = sourcecode.swift; path = Response.swift; sourceTree = "<group>"; };
		420516DB2C26F298009D7B48 /* MyIssueModel.swift */ = {isa = PBXFileReference; lastKnownFileType = sourcecode.swift; path = MyIssueModel.swift; sourceTree = "<group>"; };
		420516DD2C26F2CE009D7B48 /* MyIssueViewModel.swift */ = {isa = PBXFileReference; lastKnownFileType = sourcecode.swift; path = MyIssueViewModel.swift; sourceTree = "<group>"; };
		420516DF2C26F676009D7B48 /* IssueCell.swift */ = {isa = PBXFileReference; lastKnownFileType = sourcecode.swift; path = IssueCell.swift; sourceTree = "<group>"; };
		420516E12C270520009D7B48 /* PostListViewModel.swift */ = {isa = PBXFileReference; lastKnownFileType = sourcecode.swift; path = PostListViewModel.swift; sourceTree = "<group>"; };
		420516E32C27054B009D7B48 /* PostsCell.swift */ = {isa = PBXFileReference; lastKnownFileType = sourcecode.swift; path = PostsCell.swift; sourceTree = "<group>"; };
		420516E52C270723009D7B48 /* PostListModel.swift */ = {isa = PBXFileReference; lastKnownFileType = sourcecode.swift; path = PostListModel.swift; sourceTree = "<group>"; };
		420516E72C270EE4009D7B48 /* LogOutView.swift */ = {isa = PBXFileReference; lastKnownFileType = sourcecode.swift; path = LogOutView.swift; sourceTree = "<group>"; };
		420516E92C271196009D7B48 /* CommentCell.swift */ = {isa = PBXFileReference; lastKnownFileType = sourcecode.swift; path = CommentCell.swift; sourceTree = "<group>"; };
		4D5A673D2C23EEEF00BB2D2D /* ContentView.swift */ = {isa = PBXFileReference; lastKnownFileType = sourcecode.swift; path = ContentView.swift; sourceTree = "<group>"; };
		4D5A673F2C23EF1700BB2D2D /* MyguniEditView.swift */ = {isa = PBXFileReference; lastKnownFileType = sourcecode.swift; path = MyguniEditView.swift; sourceTree = "<group>"; };
		4D5A67412C23EF3800BB2D2D /* MyguniView.swift */ = {isa = PBXFileReference; lastKnownFileType = sourcecode.swift; path = MyguniView.swift; sourceTree = "<group>"; };
		4D5A67432C23EF5900BB2D2D /* ColorSet.swift */ = {isa = PBXFileReference; lastKnownFileType = sourcecode.swift; path = ColorSet.swift; sourceTree = "<group>"; };
/* End PBXFileReference section */

/* Begin PBXFrameworksBuildPhase section */
		420516712C23ECFF009D7B48 /* Frameworks */ = {
			isa = PBXFrameworksBuildPhase;
			buildActionMask = 2147483647;
			files = (
				4D7EDBF12C290C9B0071C350 /* Alamofire in Frameworks */,
			);
			runOnlyForDeploymentPostprocessing = 0;
		};
/* End PBXFrameworksBuildPhase section */

/* Begin PBXGroup section */
		4205166B2C23ECFF009D7B48 = {
			isa = PBXGroup;
			children = (
				420516762C23ECFF009D7B48 /* gunnihaeba-iOS */,
				420516752C23ECFF009D7B48 /* Products */,
			);
			sourceTree = "<group>";
		};
		420516752C23ECFF009D7B48 /* Products */ = {
			isa = PBXGroup;
			children = (
				420516742C23ECFF009D7B48 /* gunnihaeba-iOS.app */,
			);
			name = Products;
			sourceTree = "<group>";
		};
		420516762C23ECFF009D7B48 /* gunnihaeba-iOS */ = {
			isa = PBXGroup;
			children = (
				420516772C23ECFF009D7B48 /* gunnihaeba_iOSApp.swift */,
				420516C12C26EE2B009D7B48 /* Util */,
				420516B42C250A52009D7B48 /* Plits */,
				420516882C23ED4D009D7B48 /* Component */,
				420516872C23ED49009D7B48 /* View */,
				420516862C23ED42009D7B48 /* ViewModel */,
				420516852C23ED3A009D7B48 /* Model */,
				4205167B2C23ECFF009D7B48 /* Assets.xcassets */,
				4205167D2C23ECFF009D7B48 /* Preview Content */,
			);
			path = "gunnihaeba-iOS";
			sourceTree = "<group>";
		};
		4205167D2C23ECFF009D7B48 /* Preview Content */ = {
			isa = PBXGroup;
			children = (
				4205167E2C23ECFF009D7B48 /* Preview Assets.xcassets */,
			);
			path = "Preview Content";
			sourceTree = "<group>";
		};
		420516852C23ED3A009D7B48 /* Model */ = {
			isa = PBXGroup;
			children = (
				420516992C23EE07009D7B48 /* PostDetailModel.swift */,
				420516892C23ED59009D7B48 /* SampleModel.swift */,
				420516B02C250939009D7B48 /* SignUpModel.swift */,
				420516D72C26EEE0009D7B48 /* Response.swift */,
				420516DB2C26F298009D7B48 /* MyIssueModel.swift */,
				420516E52C270723009D7B48 /* PostListModel.swift */,
			);
			path = Model;
			sourceTree = "<group>";
		};
		420516862C23ED42009D7B48 /* ViewModel */ = {
			isa = PBXGroup;
			children = (
				420516952C23EDE7009D7B48 /* PostDetailViewModel.swift */,
				420516B22C2509E4009D7B48 /* SignUpViewModel.swift */,
				420516BB2C251488009D7B48 /* SignInViewModel.swift */,
				4205168F2C23ED69009D7B48 /* SampleViewModel.swift */,
				420516DD2C26F2CE009D7B48 /* MyIssueViewModel.swift */,
				420516E12C270520009D7B48 /* PostListViewModel.swift */,
			);
			path = ViewModel;
			sourceTree = "<group>";
		};
		420516872C23ED49009D7B48 /* View */ = {
			isa = PBXGroup;
			children = (
				420516912C23EDE1009D7B48 /* HomeView.swift */,
				420516972C23EDF6009D7B48 /* PostDetailView.swift */,
				420516A12C23EE1E009D7B48 /* PostingView.swift */,
				4D5A673F2C23EF1700BB2D2D /* MyguniEditView.swift */,
				4D5A67412C23EF3800BB2D2D /* MyguniView.swift */,
				4D5A673D2C23EEEF00BB2D2D /* ContentView.swift */,
				420516AA2C2507C3009D7B48 /* SignInView.swift */,
				420516AC2C2507C9009D7B48 /* SignUpView.swift */,
				420516E72C270EE4009D7B48 /* LogOutView.swift */,
			);
			path = View;
			sourceTree = "<group>";
		};
		420516882C23ED4D009D7B48 /* Component */ = {
			isa = PBXGroup;
			children = (
				4205168B2C23ED5D009D7B48 /* SampleComponent.swift */,
				420516AE2C250807009D7B48 /* InputField.swift */,
				420516DF2C26F676009D7B48 /* IssueCell.swift */,
				420516E32C27054B009D7B48 /* PostsCell.swift */,
				420516E92C271196009D7B48 /* CommentCell.swift */,
			);
			path = Component;
			sourceTree = "<group>";
		};
		420516B42C250A52009D7B48 /* Plits */ = {
			isa = PBXGroup;
			children = (
				420516B72C250B54009D7B48 /* Info.plist */,
				420516B52C250A61009D7B48 /* ApiContent.plist */,
			);
			path = Plits;
			sourceTree = "<group>";
		};
		420516C12C26EE2B009D7B48 /* Util */ = {
			isa = PBXGroup;
			children = (
				4D5A67432C23EF5900BB2D2D /* ColorSet.swift */,
				420516CE2C26EE53009D7B48 /* Auth */,
			);
			path = Util;
			sourceTree = "<group>";
		};
		420516C32C26EE53009D7B48 /* Cache */ = {
			isa = PBXGroup;
			children = (
				420516C22C26EE53009D7B48 /* LoginUserHashCache.swift */,
			);
			path = Cache;
			sourceTree = "<group>";
		};
		420516C62C26EE53009D7B48 /* Request */ = {
			isa = PBXGroup;
			children = (
				420516C42C26EE53009D7B48 /* LoginRequest.swift */,
				420516C52C26EE53009D7B48 /* ReissueRequest.swift */,
			);
			path = Request;
			sourceTree = "<group>";
		};
		420516C92C26EE53009D7B48 /* Response */ = {
			isa = PBXGroup;
			children = (
				420516C72C26EE53009D7B48 /* LoginResponse.swift */,
				420516C82C26EE53009D7B48 /* ReissueResponse.swift */,
			);
			path = Response;
			sourceTree = "<group>";
		};
		420516CC2C26EE53009D7B48 /* Service */ = {
			isa = PBXGroup;
			children = (
				420516CA2C26EE53009D7B48 /* AuthService.swift */,
				420516CB2C26EE53009D7B48 /* RemoteAuthService.swift */,
			);
			path = Service;
			sourceTree = "<group>";
		};
		420516CE2C26EE53009D7B48 /* Auth */ = {
			isa = PBXGroup;
			children = (
				420516C32C26EE53009D7B48 /* Cache */,
				420516C62C26EE53009D7B48 /* Request */,
				420516C92C26EE53009D7B48 /* Response */,
				420516CC2C26EE53009D7B48 /* Service */,
				420516CD2C26EE53009D7B48 /* Interceptor.swift */,
			);
			path = Auth;
			sourceTree = "<group>";
		};
/* End PBXGroup section */

/* Begin PBXNativeTarget section */
		420516732C23ECFF009D7B48 /* gunnihaeba-iOS */ = {
			isa = PBXNativeTarget;
			buildConfigurationList = 420516822C23ECFF009D7B48 /* Build configuration list for PBXNativeTarget "gunnihaeba-iOS" */;
			buildPhases = (
				420516702C23ECFF009D7B48 /* Sources */,
				420516712C23ECFF009D7B48 /* Frameworks */,
				420516722C23ECFF009D7B48 /* Resources */,
			);
			buildRules = (
			);
			dependencies = (
			);
			name = "gunnihaeba-iOS";
			packageProductDependencies = (
				4D7EDBF02C290C9B0071C350 /* Alamofire */,
			);
			productName = "gunnihaeba-iOS";
			productReference = 420516742C23ECFF009D7B48 /* gunnihaeba-iOS.app */;
			productType = "com.apple.product-type.application";
		};
/* End PBXNativeTarget section */

/* Begin PBXProject section */
		4205166C2C23ECFF009D7B48 /* Project object */ = {
			isa = PBXProject;
			attributes = {
				BuildIndependentTargetsInParallel = 1;
				LastSwiftUpdateCheck = 1530;
				LastUpgradeCheck = 1530;
				TargetAttributes = {
					420516732C23ECFF009D7B48 = {
						CreatedOnToolsVersion = 15.3;
					};
				};
			};
			buildConfigurationList = 4205166F2C23ECFF009D7B48 /* Build configuration list for PBXProject "gunnihaeba-iOS" */;
			compatibilityVersion = "Xcode 14.0";
			developmentRegion = en;
			hasScannedForEncodings = 0;
			knownRegions = (
				en,
				Base,
			);
			mainGroup = 4205166B2C23ECFF009D7B48;
			packageReferences = (
				420516A52C250761009D7B48 /* XCRemoteSwiftPackageReference "Alamofire" */,
			);
			productRefGroup = 420516752C23ECFF009D7B48 /* Products */;
			projectDirPath = "";
			projectRoot = "";
			targets = (
				420516732C23ECFF009D7B48 /* gunnihaeba-iOS */,
			);
		};
/* End PBXProject section */

/* Begin PBXResourcesBuildPhase section */
		420516722C23ECFF009D7B48 /* Resources */ = {
			isa = PBXResourcesBuildPhase;
			buildActionMask = 2147483647;
			files = (
				4205167F2C23ECFF009D7B48 /* Preview Assets.xcassets in Resources */,
				4205167C2C23ECFF009D7B48 /* Assets.xcassets in Resources */,
				420516B62C250A61009D7B48 /* ApiContent.plist in Resources */,
			);
			runOnlyForDeploymentPostprocessing = 0;
		};
/* End PBXResourcesBuildPhase section */

/* Begin PBXSourcesBuildPhase section */
		420516702C23ECFF009D7B48 /* Sources */ = {
			isa = PBXSourcesBuildPhase;
			buildActionMask = 2147483647;
			files = (
				420516E22C270520009D7B48 /* PostListViewModel.swift in Sources */,
				420516982C23EDF6009D7B48 /* PostDetailView.swift in Sources */,
				420516D62C26EE54009D7B48 /* Interceptor.swift in Sources */,
				420516CF2C26EE54009D7B48 /* LoginUserHashCache.swift in Sources */,
				420516B32C2509E4009D7B48 /* SignUpViewModel.swift in Sources */,
				420516D82C26EEE0009D7B48 /* Response.swift in Sources */,
				420516902C23ED6A009D7B48 /* SampleViewModel.swift in Sources */,
				4D5A67402C23EF1700BB2D2D /* MyguniEditView.swift in Sources */,
				420516D22C26EE54009D7B48 /* LoginResponse.swift in Sources */,
				4D5A67442C23EF5900BB2D2D /* ColorSet.swift in Sources */,
				420516962C23EDE7009D7B48 /* PostDetailViewModel.swift in Sources */,
				4D5A67422C23EF3800BB2D2D /* MyguniView.swift in Sources */,
				420516DE2C26F2CE009D7B48 /* MyIssueViewModel.swift in Sources */,
				420516BC2C251488009D7B48 /* SignInViewModel.swift in Sources */,
				4205169A2C23EE07009D7B48 /* PostDetailModel.swift in Sources */,
				4205168C2C23ED5D009D7B48 /* SampleComponent.swift in Sources */,
				420516922C23EDE1009D7B48 /* HomeView.swift in Sources */,
				420516E62C270723009D7B48 /* PostListModel.swift in Sources */,
				420516D02C26EE54009D7B48 /* LoginRequest.swift in Sources */,
				420516AF2C250807009D7B48 /* InputField.swift in Sources */,
				420516E02C26F676009D7B48 /* IssueCell.swift in Sources */,
				420516B12C250939009D7B48 /* SignUpModel.swift in Sources */,
				4205168A2C23ED59009D7B48 /* SampleModel.swift in Sources */,
				420516EA2C271196009D7B48 /* CommentCell.swift in Sources */,
				420516D32C26EE54009D7B48 /* ReissueResponse.swift in Sources */,
				420516AD2C2507C9009D7B48 /* SignUpView.swift in Sources */,
				420516E42C27054B009D7B48 /* PostsCell.swift in Sources */,
				420516D12C26EE54009D7B48 /* ReissueRequest.swift in Sources */,
				420516E82C270EE4009D7B48 /* LogOutView.swift in Sources */,
				4D5A673E2C23EEEF00BB2D2D /* ContentView.swift in Sources */,
				420516782C23ECFF009D7B48 /* gunnihaeba_iOSApp.swift in Sources */,
				420516D52C26EE54009D7B48 /* RemoteAuthService.swift in Sources */,
				420516AB2C2507C3009D7B48 /* SignInView.swift in Sources */,
				420516DC2C26F298009D7B48 /* MyIssueModel.swift in Sources */,
				420516A22C23EE1E009D7B48 /* PostingView.swift in Sources */,
				420516D42C26EE54009D7B48 /* AuthService.swift in Sources */,
			);
			runOnlyForDeploymentPostprocessing = 0;
		};
/* End PBXSourcesBuildPhase section */

/* Begin XCBuildConfiguration section */
		420516802C23ECFF009D7B48 /* Debug */ = {
			isa = XCBuildConfiguration;
			buildSettings = {
				ALWAYS_SEARCH_USER_PATHS = NO;
				ASSETCATALOG_COMPILER_GENERATE_SWIFT_ASSET_SYMBOL_EXTENSIONS = YES;
				CLANG_ANALYZER_NONNULL = YES;
				CLANG_ANALYZER_NUMBER_OBJECT_CONVERSION = YES_AGGRESSIVE;
				CLANG_CXX_LANGUAGE_STANDARD = "gnu++20";
				CLANG_ENABLE_MODULES = YES;
				CLANG_ENABLE_OBJC_ARC = YES;
				CLANG_ENABLE_OBJC_WEAK = YES;
				CLANG_WARN_BLOCK_CAPTURE_AUTORELEASING = YES;
				CLANG_WARN_BOOL_CONVERSION = YES;
				CLANG_WARN_COMMA = YES;
				CLANG_WARN_CONSTANT_CONVERSION = YES;
				CLANG_WARN_DEPRECATED_OBJC_IMPLEMENTATIONS = YES;
				CLANG_WARN_DIRECT_OBJC_ISA_USAGE = YES_ERROR;
				CLANG_WARN_DOCUMENTATION_COMMENTS = YES;
				CLANG_WARN_EMPTY_BODY = YES;
				CLANG_WARN_ENUM_CONVERSION = YES;
				CLANG_WARN_INFINITE_RECURSION = YES;
				CLANG_WARN_INT_CONVERSION = YES;
				CLANG_WARN_NON_LITERAL_NULL_CONVERSION = YES;
				CLANG_WARN_OBJC_IMPLICIT_RETAIN_SELF = YES;
				CLANG_WARN_OBJC_LITERAL_CONVERSION = YES;
				CLANG_WARN_OBJC_ROOT_CLASS = YES_ERROR;
				CLANG_WARN_QUOTED_INCLUDE_IN_FRAMEWORK_HEADER = YES;
				CLANG_WARN_RANGE_LOOP_ANALYSIS = YES;
				CLANG_WARN_STRICT_PROTOTYPES = YES;
				CLANG_WARN_SUSPICIOUS_MOVE = YES;
				CLANG_WARN_UNGUARDED_AVAILABILITY = YES_AGGRESSIVE;
				CLANG_WARN_UNREACHABLE_CODE = YES;
				CLANG_WARN__DUPLICATE_METHOD_MATCH = YES;
				COPY_PHASE_STRIP = NO;
				DEBUG_INFORMATION_FORMAT = dwarf;
				ENABLE_STRICT_OBJC_MSGSEND = YES;
				ENABLE_TESTABILITY = YES;
				ENABLE_USER_SCRIPT_SANDBOXING = YES;
				GCC_C_LANGUAGE_STANDARD = gnu17;
				GCC_DYNAMIC_NO_PIC = NO;
				GCC_NO_COMMON_BLOCKS = YES;
				GCC_OPTIMIZATION_LEVEL = 0;
				GCC_PREPROCESSOR_DEFINITIONS = (
					"DEBUG=1",
					"$(inherited)",
				);
				GCC_WARN_64_TO_32_BIT_CONVERSION = YES;
				GCC_WARN_ABOUT_RETURN_TYPE = YES_ERROR;
				GCC_WARN_UNDECLARED_SELECTOR = YES;
				GCC_WARN_UNINITIALIZED_AUTOS = YES_AGGRESSIVE;
				GCC_WARN_UNUSED_FUNCTION = YES;
				GCC_WARN_UNUSED_VARIABLE = YES;
				IPHONEOS_DEPLOYMENT_TARGET = 17.4;
				LOCALIZATION_PREFERS_STRING_CATALOGS = YES;
				MTL_ENABLE_DEBUG_INFO = INCLUDE_SOURCE;
				MTL_FAST_MATH = YES;
				ONLY_ACTIVE_ARCH = YES;
				SDKROOT = iphoneos;
				SWIFT_ACTIVE_COMPILATION_CONDITIONS = "DEBUG $(inherited)";
				SWIFT_OPTIMIZATION_LEVEL = "-Onone";
			};
			name = Debug;
		};
		420516812C23ECFF009D7B48 /* Release */ = {
			isa = XCBuildConfiguration;
			buildSettings = {
				ALWAYS_SEARCH_USER_PATHS = NO;
				ASSETCATALOG_COMPILER_GENERATE_SWIFT_ASSET_SYMBOL_EXTENSIONS = YES;
				CLANG_ANALYZER_NONNULL = YES;
				CLANG_ANALYZER_NUMBER_OBJECT_CONVERSION = YES_AGGRESSIVE;
				CLANG_CXX_LANGUAGE_STANDARD = "gnu++20";
				CLANG_ENABLE_MODULES = YES;
				CLANG_ENABLE_OBJC_ARC = YES;
				CLANG_ENABLE_OBJC_WEAK = YES;
				CLANG_WARN_BLOCK_CAPTURE_AUTORELEASING = YES;
				CLANG_WARN_BOOL_CONVERSION = YES;
				CLANG_WARN_COMMA = YES;
				CLANG_WARN_CONSTANT_CONVERSION = YES;
				CLANG_WARN_DEPRECATED_OBJC_IMPLEMENTATIONS = YES;
				CLANG_WARN_DIRECT_OBJC_ISA_USAGE = YES_ERROR;
				CLANG_WARN_DOCUMENTATION_COMMENTS = YES;
				CLANG_WARN_EMPTY_BODY = YES;
				CLANG_WARN_ENUM_CONVERSION = YES;
				CLANG_WARN_INFINITE_RECURSION = YES;
				CLANG_WARN_INT_CONVERSION = YES;
				CLANG_WARN_NON_LITERAL_NULL_CONVERSION = YES;
				CLANG_WARN_OBJC_IMPLICIT_RETAIN_SELF = YES;
				CLANG_WARN_OBJC_LITERAL_CONVERSION = YES;
				CLANG_WARN_OBJC_ROOT_CLASS = YES_ERROR;
				CLANG_WARN_QUOTED_INCLUDE_IN_FRAMEWORK_HEADER = YES;
				CLANG_WARN_RANGE_LOOP_ANALYSIS = YES;
				CLANG_WARN_STRICT_PROTOTYPES = YES;
				CLANG_WARN_SUSPICIOUS_MOVE = YES;
				CLANG_WARN_UNGUARDED_AVAILABILITY = YES_AGGRESSIVE;
				CLANG_WARN_UNREACHABLE_CODE = YES;
				CLANG_WARN__DUPLICATE_METHOD_MATCH = YES;
				COPY_PHASE_STRIP = NO;
				DEBUG_INFORMATION_FORMAT = "dwarf-with-dsym";
				ENABLE_NS_ASSERTIONS = NO;
				ENABLE_STRICT_OBJC_MSGSEND = YES;
				ENABLE_USER_SCRIPT_SANDBOXING = YES;
				GCC_C_LANGUAGE_STANDARD = gnu17;
				GCC_NO_COMMON_BLOCKS = YES;
				GCC_WARN_64_TO_32_BIT_CONVERSION = YES;
				GCC_WARN_ABOUT_RETURN_TYPE = YES_ERROR;
				GCC_WARN_UNDECLARED_SELECTOR = YES;
				GCC_WARN_UNINITIALIZED_AUTOS = YES_AGGRESSIVE;
				GCC_WARN_UNUSED_FUNCTION = YES;
				GCC_WARN_UNUSED_VARIABLE = YES;
				IPHONEOS_DEPLOYMENT_TARGET = 17.4;
				LOCALIZATION_PREFERS_STRING_CATALOGS = YES;
				MTL_ENABLE_DEBUG_INFO = NO;
				MTL_FAST_MATH = YES;
				SDKROOT = iphoneos;
				SWIFT_COMPILATION_MODE = wholemodule;
				VALIDATE_PRODUCT = YES;
			};
			name = Release;
		};
		420516832C23ECFF009D7B48 /* Debug */ = {
			isa = XCBuildConfiguration;
			buildSettings = {
				ASSETCATALOG_COMPILER_APPICON_NAME = AppIcon;
				ASSETCATALOG_COMPILER_GLOBAL_ACCENT_COLOR_NAME = AccentColor;
				CODE_SIGN_STYLE = Automatic;
				CURRENT_PROJECT_VERSION = 1;
				DEVELOPMENT_ASSET_PATHS = "\"gunnihaeba-iOS/Preview Content\"";
				DEVELOPMENT_TEAM = H3PHX39629;
				ENABLE_PREVIEWS = YES;
				GENERATE_INFOPLIST_FILE = YES;
				INFOPLIST_FILE = "gunnihaeba-iOS/Info.plist";
				INFOPLIST_KEY_UIApplicationSceneManifest_Generation = YES;
				INFOPLIST_KEY_UIApplicationSupportsIndirectInputEvents = YES;
				INFOPLIST_KEY_UILaunchScreen_Generation = YES;
				INFOPLIST_KEY_UISupportedInterfaceOrientations = UIInterfaceOrientationPortrait;
				INFOPLIST_KEY_UISupportedInterfaceOrientations_iPad = "UIInterfaceOrientationLandscapeLeft UIInterfaceOrientationLandscapeRight UIInterfaceOrientationPortrait UIInterfaceOrientationPortraitUpsideDown";
				INFOPLIST_KEY_UIUserInterfaceStyle = Light;
				LD_RUNPATH_SEARCH_PATHS = (
					"$(inherited)",
					"@executable_path/Frameworks",
				);
				MARKETING_VERSION = 1.0;
				PRODUCT_BUNDLE_IDENTIFIER = "SeoungHyukLee.gunnihaeba-iOS";
				PRODUCT_NAME = "$(TARGET_NAME)";
				SWIFT_EMIT_LOC_STRINGS = YES;
				SWIFT_VERSION = 5.0;
				TARGETED_DEVICE_FAMILY = "1,2";
			};
			name = Debug;
		};
		420516842C23ECFF009D7B48 /* Release */ = {
			isa = XCBuildConfiguration;
			buildSettings = {
				ASSETCATALOG_COMPILER_APPICON_NAME = AppIcon;
				ASSETCATALOG_COMPILER_GLOBAL_ACCENT_COLOR_NAME = AccentColor;
				CODE_SIGN_STYLE = Automatic;
				CURRENT_PROJECT_VERSION = 1;
				DEVELOPMENT_ASSET_PATHS = "\"gunnihaeba-iOS/Preview Content\"";
				DEVELOPMENT_TEAM = H3PHX39629;
				ENABLE_PREVIEWS = YES;
				GENERATE_INFOPLIST_FILE = YES;
				INFOPLIST_FILE = "gunnihaeba-iOS/Info.plist";
				INFOPLIST_KEY_UIApplicationSceneManifest_Generation = YES;
				INFOPLIST_KEY_UIApplicationSupportsIndirectInputEvents = YES;
				INFOPLIST_KEY_UILaunchScreen_Generation = YES;
				INFOPLIST_KEY_UISupportedInterfaceOrientations = UIInterfaceOrientationPortrait;
				INFOPLIST_KEY_UISupportedInterfaceOrientations_iPad = "UIInterfaceOrientationLandscapeLeft UIInterfaceOrientationLandscapeRight UIInterfaceOrientationPortrait UIInterfaceOrientationPortraitUpsideDown";
				INFOPLIST_KEY_UIUserInterfaceStyle = Light;
				LD_RUNPATH_SEARCH_PATHS = (
					"$(inherited)",
					"@executable_path/Frameworks",
				);
				MARKETING_VERSION = 1.0;
				PRODUCT_BUNDLE_IDENTIFIER = "SeoungHyukLee.gunnihaeba-iOS";
				PRODUCT_NAME = "$(TARGET_NAME)";
				SWIFT_EMIT_LOC_STRINGS = YES;
				SWIFT_VERSION = 5.0;
				TARGETED_DEVICE_FAMILY = "1,2";
			};
			name = Release;
		};
/* End XCBuildConfiguration section */

/* Begin XCConfigurationList section */
		4205166F2C23ECFF009D7B48 /* Build configuration list for PBXProject "gunnihaeba-iOS" */ = {
			isa = XCConfigurationList;
			buildConfigurations = (
				420516802C23ECFF009D7B48 /* Debug */,
				420516812C23ECFF009D7B48 /* Release */,
			);
			defaultConfigurationIsVisible = 0;
			defaultConfigurationName = Release;
		};
		420516822C23ECFF009D7B48 /* Build configuration list for PBXNativeTarget "gunnihaeba-iOS" */ = {
			isa = XCConfigurationList;
			buildConfigurations = (
				420516832C23ECFF009D7B48 /* Debug */,
				420516842C23ECFF009D7B48 /* Release */,
			);
			defaultConfigurationIsVisible = 0;
			defaultConfigurationName = Release;
		};
/* End XCConfigurationList section */

/* Begin XCRemoteSwiftPackageReference section */
		420516A52C250761009D7B48 /* XCRemoteSwiftPackageReference "Alamofire" */ = {
			isa = XCRemoteSwiftPackageReference;
			repositoryURL = "https://github.com/Alamofire/Alamofire.git";
			requirement = {
				kind = upToNextMajorVersion;
				minimumVersion = 5.9.1;
			};
		};
/* End XCRemoteSwiftPackageReference section */

/* Begin XCSwiftPackageProductDependency section */
		4D7EDBF02C290C9B0071C350 /* Alamofire */ = {
			isa = XCSwiftPackageProductDependency;
			productName = Alamofire;
		};
/* End XCSwiftPackageProductDependency section */
	};
	rootObject = 4205166C2C23ECFF009D7B48 /* Project object */;
}
