// !$*UTF8*$!
{
	archiveVersion = 1;
	classes = {
	};
	objectVersion = 56;
	objects = {

/* Begin PBXBuildFile section */
		420516782C23ECFF009D7B48 /* gunnihaeba_iOSApp.swift in Sources */ = {isa = PBXBuildFile; fileRef = 420516772C23ECFF009D7B48 /* gunnihaeba_iOSApp.swift */; };
		4205167C2C23ECFF009D7B48 /* Assets.xcassets in Resources */ = {isa = PBXBuildFile; fileRef = 4205167B2C23ECFF009D7B48 /* Assets.xcassets */; };
		4205167F2C23ECFF009D7B48 /* Preview Assets.xcassets in Resources */ = {isa = PBXBuildFile; fileRef = 4205167E2C23ECFF009D7B48 /* Preview Assets.xcassets */; };
		4205168A2C23ED59009D7B48 /* SampleModel.swift in Sources */ = {isa = PBXBuildFile; fileRef = 420516892C23ED59009D7B48 /* SampleModel.swift */; };
		4205168C2C23ED5D009D7B48 /* SampleComponent.swift in Sources */ = {isa = PBXBuildFile; fileRef = 4205168B2C23ED5D009D7B48 /* SampleComponent.swift */; };
		420516902C23ED6A009D7B48 /* SampleViewModel.swift in Sources */ = {isa = PBXBuildFile; fileRef = 4205168F2C23ED69009D7B48 /* SampleViewModel.swift */; };
		420516922C23EDE1009D7B48 /* HomeView.swift in Sources */ = {isa = PBXBuildFile; fileRef = 420516912C23EDE1009D7B48 /* HomeView.swift */; };
		420516942C23EDE4009D7B48 /* ContentView.swift in Sources */ = {isa = PBXBuildFile; fileRef = 420516932C23EDE4009D7B48 /* ContentView.swift */; };
		420516962C23EDE7009D7B48 /* PostDetailViewModel.swift in Sources */ = {isa = PBXBuildFile; fileRef = 420516952C23EDE7009D7B48 /* PostDetailViewModel.swift */; };
		420516982C23EDF6009D7B48 /* PostDetailView.swift in Sources */ = {isa = PBXBuildFile; fileRef = 420516972C23EDF6009D7B48 /* PostDetailView.swift */; };
		4205169A2C23EE07009D7B48 /* PostDetailModel.swift in Sources */ = {isa = PBXBuildFile; fileRef = 420516992C23EE07009D7B48 /* PostDetailModel.swift */; };
		4205169D2C23EE0C009D7B48 /* PostsCell.swift in Sources */ = {isa = PBXBuildFile; fileRef = 4205169B2C23EE0C009D7B48 /* PostsCell.swift */; };
		4205169E2C23EE0C009D7B48 /* SampleComponent.swift in Sources */ = {isa = PBXBuildFile; fileRef = 4205169C2C23EE0C009D7B48 /* SampleComponent.swift */; };
		420516A02C23EE15009D7B48 /* ProfileView.swift in Sources */ = {isa = PBXBuildFile; fileRef = 4205169F2C23EE15009D7B48 /* ProfileView.swift */; };
		420516A22C23EE1E009D7B48 /* PostingView.swift in Sources */ = {isa = PBXBuildFile; fileRef = 420516A12C23EE1E009D7B48 /* PostingView.swift */; };
/* End PBXBuildFile section */

/* Begin PBXFileReference section */
		420516742C23ECFF009D7B48 /* gunnihaeba-iOS.app */ = {isa = PBXFileReference; explicitFileType = wrapper.application; includeInIndex = 0; path = "gunnihaeba-iOS.app"; sourceTree = BUILT_PRODUCTS_DIR; };
		420516772C23ECFF009D7B48 /* gunnihaeba_iOSApp.swift */ = {isa = PBXFileReference; lastKnownFileType = sourcecode.swift; path = gunnihaeba_iOSApp.swift; sourceTree = "<group>"; };
		4205167B2C23ECFF009D7B48 /* Assets.xcassets */ = {isa = PBXFileReference; lastKnownFileType = folder.assetcatalog; path = Assets.xcassets; sourceTree = "<group>"; };
		4205167E2C23ECFF009D7B48 /* Preview Assets.xcassets */ = {isa = PBXFileReference; lastKnownFileType = folder.assetcatalog; path = "Preview Assets.xcassets"; sourceTree = "<group>"; };
		420516892C23ED59009D7B48 /* SampleModel.swift */ = {isa = PBXFileReference; fileEncoding = 4; lastKnownFileType = sourcecode.swift; path = SampleModel.swift; sourceTree = "<group>"; };
		4205168B2C23ED5D009D7B48 /* SampleComponent.swift */ = {isa = PBXFileReference; fileEncoding = 4; lastKnownFileType = sourcecode.swift; path = SampleComponent.swift; sourceTree = "<group>"; };
		4205168F2C23ED69009D7B48 /* SampleViewModel.swift */ = {isa = PBXFileReference; fileEncoding = 4; lastKnownFileType = sourcecode.swift; path = SampleViewModel.swift; sourceTree = "<group>"; };
		420516912C23EDE1009D7B48 /* HomeView.swift */ = {isa = PBXFileReference; fileEncoding = 4; lastKnownFileType = sourcecode.swift; path = HomeView.swift; sourceTree = "<group>"; };
		420516932C23EDE4009D7B48 /* ContentView.swift */ = {isa = PBXFileReference; fileEncoding = 4; lastKnownFileType = sourcecode.swift; name = ContentView.swift; path = ../../../../../../Desktop/ContentView.swift; sourceTree = "<group>"; };
		420516952C23EDE7009D7B48 /* PostDetailViewModel.swift */ = {isa = PBXFileReference; fileEncoding = 4; lastKnownFileType = sourcecode.swift; path = PostDetailViewModel.swift; sourceTree = "<group>"; };
		420516972C23EDF6009D7B48 /* PostDetailView.swift */ = {isa = PBXFileReference; fileEncoding = 4; lastKnownFileType = sourcecode.swift; path = PostDetailView.swift; sourceTree = "<group>"; };
		420516992C23EE07009D7B48 /* PostDetailModel.swift */ = {isa = PBXFileReference; fileEncoding = 4; lastKnownFileType = sourcecode.swift; path = PostDetailModel.swift; sourceTree = "<group>"; };
		4205169B2C23EE0C009D7B48 /* PostsCell.swift */ = {isa = PBXFileReference; fileEncoding = 4; lastKnownFileType = sourcecode.swift; path = PostsCell.swift; sourceTree = "<group>"; };
		4205169C2C23EE0C009D7B48 /* SampleComponent.swift */ = {isa = PBXFileReference; fileEncoding = 4; lastKnownFileType = sourcecode.swift; name = SampleComponent.swift; path = ../../../../../../Desktop/SampleComponent.swift; sourceTree = "<group>"; };
		4205169F2C23EE15009D7B48 /* ProfileView.swift */ = {isa = PBXFileReference; fileEncoding = 4; lastKnownFileType = sourcecode.swift; path = ProfileView.swift; sourceTree = "<group>"; };
		420516A12C23EE1E009D7B48 /* PostingView.swift */ = {isa = PBXFileReference; fileEncoding = 4; lastKnownFileType = sourcecode.swift; path = PostingView.swift; sourceTree = "<group>"; };
/* End PBXFileReference section */

/* Begin PBXFrameworksBuildPhase section */
		420516712C23ECFF009D7B48 /* Frameworks */ = {
			isa = PBXFrameworksBuildPhase;
			buildActionMask = 2147483647;
			files = (
			);
			runOnlyForDeploymentPostprocessing = 0;
		};
/* End PBXFrameworksBuildPhase section */

/* Begin PBXGroup section */
		4205166B2C23ECFF009D7B48 = {
			isa = PBXGroup;
			children = (
				420516762C23ECFF009D7B48 /* gunnihaeba-iOS */,
				420516752C23ECFF009D7B48 /* Products */,
			);
			sourceTree = "<group>";
		};
		420516752C23ECFF009D7B48 /* Products */ = {
			isa = PBXGroup;
			children = (
				420516742C23ECFF009D7B48 /* gunnihaeba-iOS.app */,
			);
			name = Products;
			sourceTree = "<group>";
		};
		420516762C23ECFF009D7B48 /* gunnihaeba-iOS */ = {
			isa = PBXGroup;
			children = (
				420516772C23ECFF009D7B48 /* gunnihaeba_iOSApp.swift */,
				420516882C23ED4D009D7B48 /* Component */,
				420516872C23ED49009D7B48 /* View */,
				420516862C23ED42009D7B48 /* ViewModel */,
				420516852C23ED3A009D7B48 /* Model */,
				4205167B2C23ECFF009D7B48 /* Assets.xcassets */,
				4205167D2C23ECFF009D7B48 /* Preview Content */,
			);
			path = "gunnihaeba-iOS";
			sourceTree = "<group>";
		};
		4205167D2C23ECFF009D7B48 /* Preview Content */ = {
			isa = PBXGroup;
			children = (
				4205167E2C23ECFF009D7B48 /* Preview Assets.xcassets */,
			);
			path = "Preview Content";
			sourceTree = "<group>";
		};
		420516852C23ED3A009D7B48 /* Model */ = {
			isa = PBXGroup;
			children = (
				420516992C23EE07009D7B48 /* PostDetailModel.swift */,
				420516892C23ED59009D7B48 /* SampleModel.swift */,
			);
			path = Model;
			sourceTree = "<group>";
		};
		420516862C23ED42009D7B48 /* ViewModel */ = {
			isa = PBXGroup;
			children = (
				420516952C23EDE7009D7B48 /* PostDetailViewModel.swift */,
				4205168F2C23ED69009D7B48 /* SampleViewModel.swift */,
			);
			path = ViewModel;
			sourceTree = "<group>";
		};
		420516872C23ED49009D7B48 /* View */ = {
			isa = PBXGroup;
			children = (
				420516912C23EDE1009D7B48 /* HomeView.swift */,
				420516972C23EDF6009D7B48 /* PostDetailView.swift */,
				420516932C23EDE4009D7B48 /* ContentView.swift */,
				4205169F2C23EE15009D7B48 /* ProfileView.swift */,
				420516A12C23EE1E009D7B48 /* PostingView.swift */,
			);
			path = View;
			sourceTree = "<group>";
		};
		420516882C23ED4D009D7B48 /* Component */ = {
			isa = PBXGroup;
			children = (
				4205169B2C23EE0C009D7B48 /* PostsCell.swift */,
				4205169C2C23EE0C009D7B48 /* SampleComponent.swift */,
				4205168B2C23ED5D009D7B48 /* SampleComponent.swift */,
			);
			path = Component;
			sourceTree = "<group>";
		};
/* End PBXGroup section */

/* Begin PBXNativeTarget section */
		420516732C23ECFF009D7B48 /* gunnihaeba-iOS */ = {
			isa = PBXNativeTarget;
			buildConfigurationList = 420516822C23ECFF009D7B48 /* Build configuration list for PBXNativeTarget "gunnihaeba-iOS" */;
			buildPhases = (
				420516702C23ECFF009D7B48 /* Sources */,
				420516712C23ECFF009D7B48 /* Frameworks */,
				420516722C23ECFF009D7B48 /* Resources */,
			);
			buildRules = (
			);
			dependencies = (
			);
			name = "gunnihaeba-iOS";
			productName = "gunnihaeba-iOS";
			productReference = 420516742C23ECFF009D7B48 /* gunnihaeba-iOS.app */;
			productType = "com.apple.product-type.application";
		};
/* End PBXNativeTarget section */

/* Begin PBXProject section */
		4205166C2C23ECFF009D7B48 /* Project object */ = {
			isa = PBXProject;
			attributes = {
				BuildIndependentTargetsInParallel = 1;
				LastSwiftUpdateCheck = 1530;
				LastUpgradeCheck = 1530;
				TargetAttributes = {
					420516732C23ECFF009D7B48 = {
						CreatedOnToolsVersion = 15.3;
					};
				};
			};
			buildConfigurationList = 4205166F2C23ECFF009D7B48 /* Build configuration list for PBXProject "gunnihaeba-iOS" */;
			compatibilityVersion = "Xcode 14.0";
			developmentRegion = en;
			hasScannedForEncodings = 0;
			knownRegions = (
				en,
				Base,
			);
			mainGroup = 4205166B2C23ECFF009D7B48;
			productRefGroup = 420516752C23ECFF009D7B48 /* Products */;
			projectDirPath = "";
			projectRoot = "";
			targets = (
				420516732C23ECFF009D7B48 /* gunnihaeba-iOS */,
			);
		};
/* End PBXProject section */

/* Begin PBXResourcesBuildPhase section */
		420516722C23ECFF009D7B48 /* Resources */ = {
			isa = PBXResourcesBuildPhase;
			buildActionMask = 2147483647;
			files = (
				4205167F2C23ECFF009D7B48 /* Preview Assets.xcassets in Resources */,
				4205167C2C23ECFF009D7B48 /* Assets.xcassets in Resources */,
			);
			runOnlyForDeploymentPostprocessing = 0;
		};
/* End PBXResourcesBuildPhase section */

/* Begin PBXSourcesBuildPhase section */
		420516702C23ECFF009D7B48 /* Sources */ = {
			isa = PBXSourcesBuildPhase;
			buildActionMask = 2147483647;
			files = (
				420516982C23EDF6009D7B48 /* PostDetailView.swift in Sources */,
				4205169D2C23EE0C009D7B48 /* PostsCell.swift in Sources */,
				420516902C23ED6A009D7B48 /* SampleViewModel.swift in Sources */,
				420516962C23EDE7009D7B48 /* PostDetailViewModel.swift in Sources */,
				420516A02C23EE15009D7B48 /* ProfileView.swift in Sources */,
				4205169A2C23EE07009D7B48 /* PostDetailModel.swift in Sources */,
				420516942C23EDE4009D7B48 /* ContentView.swift in Sources */,
				4205169E2C23EE0C009D7B48 /* SampleComponent.swift in Sources */,
				4205168C2C23ED5D009D7B48 /* SampleComponent.swift in Sources */,
				420516922C23EDE1009D7B48 /* HomeView.swift in Sources */,
				4205168A2C23ED59009D7B48 /* SampleModel.swift in Sources */,
				420516782C23ECFF009D7B48 /* gunnihaeba_iOSApp.swift in Sources */,
				420516A22C23EE1E009D7B48 /* PostingView.swift in Sources */,
			);
			runOnlyForDeploymentPostprocessing = 0;
		};
/* End PBXSourcesBuildPhase section */

/* Begin XCBuildConfiguration section */
		420516802C23ECFF009D7B48 /* Debug */ = {
			isa = XCBuildConfiguration;
			buildSettings = {
				ALWAYS_SEARCH_USER_PATHS = NO;
				ASSETCATALOG_COMPILER_GENERATE_SWIFT_ASSET_SYMBOL_EXTENSIONS = YES;
				CLANG_ANALYZER_NONNULL = YES;
				CLANG_ANALYZER_NUMBER_OBJECT_CONVERSION = YES_AGGRESSIVE;
				CLANG_CXX_LANGUAGE_STANDARD = "gnu++20";
				CLANG_ENABLE_MODULES = YES;
				CLANG_ENABLE_OBJC_ARC = YES;
				CLANG_ENABLE_OBJC_WEAK = YES;
				CLANG_WARN_BLOCK_CAPTURE_AUTORELEASING = YES;
				CLANG_WARN_BOOL_CONVERSION = YES;
				CLANG_WARN_COMMA = YES;
				CLANG_WARN_CONSTANT_CONVERSION = YES;
				CLANG_WARN_DEPRECATED_OBJC_IMPLEMENTATIONS = YES;
				CLANG_WARN_DIRECT_OBJC_ISA_USAGE = YES_ERROR;
				CLANG_WARN_DOCUMENTATION_COMMENTS = YES;
				CLANG_WARN_EMPTY_BODY = YES;
				CLANG_WARN_ENUM_CONVERSION = YES;
				CLANG_WARN_INFINITE_RECURSION = YES;
				CLANG_WARN_INT_CONVERSION = YES;
				CLANG_WARN_NON_LITERAL_NULL_CONVERSION = YES;
				CLANG_WARN_OBJC_IMPLICIT_RETAIN_SELF = YES;
				CLANG_WARN_OBJC_LITERAL_CONVERSION = YES;
				CLANG_WARN_OBJC_ROOT_CLASS = YES_ERROR;
				CLANG_WARN_QUOTED_INCLUDE_IN_FRAMEWORK_HEADER = YES;
				CLANG_WARN_RANGE_LOOP_ANALYSIS = YES;
				CLANG_WARN_STRICT_PROTOTYPES = YES;
				CLANG_WARN_SUSPICIOUS_MOVE = YES;
				CLANG_WARN_UNGUARDED_AVAILABILITY = YES_AGGRESSIVE;
				CLANG_WARN_UNREACHABLE_CODE = YES;
				CLANG_WARN__DUPLICATE_METHOD_MATCH = YES;
				COPY_PHASE_STRIP = NO;
				DEBUG_INFORMATION_FORMAT = dwarf;
				ENABLE_STRICT_OBJC_MSGSEND = YES;
				ENABLE_TESTABILITY = YES;
				ENABLE_USER_SCRIPT_SANDBOXING = YES;
				GCC_C_LANGUAGE_STANDARD = gnu17;
				GCC_DYNAMIC_NO_PIC = NO;
				GCC_NO_COMMON_BLOCKS = YES;
				GCC_OPTIMIZATION_LEVEL = 0;
				GCC_PREPROCESSOR_DEFINITIONS = (
					"DEBUG=1",
					"$(inherited)",
				);
				GCC_WARN_64_TO_32_BIT_CONVERSION = YES;
				GCC_WARN_ABOUT_RETURN_TYPE = YES_ERROR;
				GCC_WARN_UNDECLARED_SELECTOR = YES;
				GCC_WARN_UNINITIALIZED_AUTOS = YES_AGGRESSIVE;
				GCC_WARN_UNUSED_FUNCTION = YES;
				GCC_WARN_UNUSED_VARIABLE = YES;
				IPHONEOS_DEPLOYMENT_TARGET = 17.4;
				LOCALIZATION_PREFERS_STRING_CATALOGS = YES;
				MTL_ENABLE_DEBUG_INFO = INCLUDE_SOURCE;
				MTL_FAST_MATH = YES;
				ONLY_ACTIVE_ARCH = YES;
				SDKROOT = iphoneos;
				SWIFT_ACTIVE_COMPILATION_CONDITIONS = "DEBUG $(inherited)";
				SWIFT_OPTIMIZATION_LEVEL = "-Onone";
			};
			name = Debug;
		};
		420516812C23ECFF009D7B48 /* Release */ = {
			isa = XCBuildConfiguration;
			buildSettings = {
				ALWAYS_SEARCH_USER_PATHS = NO;
				ASSETCATALOG_COMPILER_GENERATE_SWIFT_ASSET_SYMBOL_EXTENSIONS = YES;
				CLANG_ANALYZER_NONNULL = YES;
				CLANG_ANALYZER_NUMBER_OBJECT_CONVERSION = YES_AGGRESSIVE;
				CLANG_CXX_LANGUAGE_STANDARD = "gnu++20";
				CLANG_ENABLE_MODULES = YES;
				CLANG_ENABLE_OBJC_ARC = YES;
				CLANG_ENABLE_OBJC_WEAK = YES;
				CLANG_WARN_BLOCK_CAPTURE_AUTORELEASING = YES;
				CLANG_WARN_BOOL_CONVERSION = YES;
				CLANG_WARN_COMMA = YES;
				CLANG_WARN_CONSTANT_CONVERSION = YES;
				CLANG_WARN_DEPRECATED_OBJC_IMPLEMENTATIONS = YES;
				CLANG_WARN_DIRECT_OBJC_ISA_USAGE = YES_ERROR;
				CLANG_WARN_DOCUMENTATION_COMMENTS = YES;
				CLANG_WARN_EMPTY_BODY = YES;
				CLANG_WARN_ENUM_CONVERSION = YES;
				CLANG_WARN_INFINITE_RECURSION = YES;
				CLANG_WARN_INT_CONVERSION = YES;
				CLANG_WARN_NON_LITERAL_NULL_CONVERSION = YES;
				CLANG_WARN_OBJC_IMPLICIT_RETAIN_SELF = YES;
				CLANG_WARN_OBJC_LITERAL_CONVERSION = YES;
				CLANG_WARN_OBJC_ROOT_CLASS = YES_ERROR;
				CLANG_WARN_QUOTED_INCLUDE_IN_FRAMEWORK_HEADER = YES;
				CLANG_WARN_RANGE_LOOP_ANALYSIS = YES;
				CLANG_WARN_STRICT_PROTOTYPES = YES;
				CLANG_WARN_SUSPICIOUS_MOVE = YES;
				CLANG_WARN_UNGUARDED_AVAILABILITY = YES_AGGRESSIVE;
				CLANG_WARN_UNREACHABLE_CODE = YES;
				CLANG_WARN__DUPLICATE_METHOD_MATCH = YES;
				COPY_PHASE_STRIP = NO;
				DEBUG_INFORMATION_FORMAT = "dwarf-with-dsym";
				ENABLE_NS_ASSERTIONS = NO;
				ENABLE_STRICT_OBJC_MSGSEND = YES;
				ENABLE_USER_SCRIPT_SANDBOXING = YES;
				GCC_C_LANGUAGE_STANDARD = gnu17;
				GCC_NO_COMMON_BLOCKS = YES;
				GCC_WARN_64_TO_32_BIT_CONVERSION = YES;
				GCC_WARN_ABOUT_RETURN_TYPE = YES_ERROR;
				GCC_WARN_UNDECLARED_SELECTOR = YES;
				GCC_WARN_UNINITIALIZED_AUTOS = YES_AGGRESSIVE;
				GCC_WARN_UNUSED_FUNCTION = YES;
				GCC_WARN_UNUSED_VARIABLE = YES;
				IPHONEOS_DEPLOYMENT_TARGET = 17.4;
				LOCALIZATION_PREFERS_STRING_CATALOGS = YES;
				MTL_ENABLE_DEBUG_INFO = NO;
				MTL_FAST_MATH = YES;
				SDKROOT = iphoneos;
				SWIFT_COMPILATION_MODE = wholemodule;
				VALIDATE_PRODUCT = YES;
			};
			name = Release;
		};
		420516832C23ECFF009D7B48 /* Debug */ = {
			isa = XCBuildConfiguration;
			buildSettings = {
				ASSETCATALOG_COMPILER_APPICON_NAME = AppIcon;
				ASSETCATALOG_COMPILER_GLOBAL_ACCENT_COLOR_NAME = AccentColor;
				CODE_SIGN_STYLE = Automatic;
				CURRENT_PROJECT_VERSION = 1;
				DEVELOPMENT_ASSET_PATHS = "\"gunnihaeba-iOS/Preview Content\"";
				ENABLE_PREVIEWS = YES;
				GENERATE_INFOPLIST_FILE = YES;
				INFOPLIST_KEY_UIApplicationSceneManifest_Generation = YES;
				INFOPLIST_KEY_UIApplicationSupportsIndirectInputEvents = YES;
				INFOPLIST_KEY_UILaunchScreen_Generation = YES;
				INFOPLIST_KEY_UISupportedInterfaceOrientations_iPad = "UIInterfaceOrientationPortrait UIInterfaceOrientationPortraitUpsideDown UIInterfaceOrientationLandscapeLeft UIInterfaceOrientationLandscapeRight";
				INFOPLIST_KEY_UISupportedInterfaceOrientations_iPhone = "UIInterfaceOrientationPortrait UIInterfaceOrientationLandscapeLeft UIInterfaceOrientationLandscapeRight";
				LD_RUNPATH_SEARCH_PATHS = (
					"$(inherited)",
					"@executable_path/Frameworks",
				);
				MARKETING_VERSION = 1.0;
				PRODUCT_BUNDLE_IDENTIFIER = "SeoungHyukLee.gunnihaeba-iOS";
				PRODUCT_NAME = "$(TARGET_NAME)";
				SWIFT_EMIT_LOC_STRINGS = YES;
				SWIFT_VERSION = 5.0;
				TARGETED_DEVICE_FAMILY = "1,2";
			};
			name = Debug;
		};
		420516842C23ECFF009D7B48 /* Release */ = {
			isa = XCBuildConfiguration;
			buildSettings = {
				ASSETCATALOG_COMPILER_APPICON_NAME = AppIcon;
				ASSETCATALOG_COMPILER_GLOBAL_ACCENT_COLOR_NAME = AccentColor;
				CODE_SIGN_STYLE = Automatic;
				CURRENT_PROJECT_VERSION = 1;
				DEVELOPMENT_ASSET_PATHS = "\"gunnihaeba-iOS/Preview Content\"";
				ENABLE_PREVIEWS = YES;
				GENERATE_INFOPLIST_FILE = YES;
				INFOPLIST_KEY_UIApplicationSceneManifest_Generation = YES;
				INFOPLIST_KEY_UIApplicationSupportsIndirectInputEvents = YES;
				INFOPLIST_KEY_UILaunchScreen_Generation = YES;
				INFOPLIST_KEY_UISupportedInterfaceOrientations_iPad = "UIInterfaceOrientationPortrait UIInterfaceOrientationPortraitUpsideDown UIInterfaceOrientationLandscapeLeft UIInterfaceOrientationLandscapeRight";
				INFOPLIST_KEY_UISupportedInterfaceOrientations_iPhone = "UIInterfaceOrientationPortrait UIInterfaceOrientationLandscapeLeft UIInterfaceOrientationLandscapeRight";
				LD_RUNPATH_SEARCH_PATHS = (
					"$(inherited)",
					"@executable_path/Frameworks",
				);
				MARKETING_VERSION = 1.0;
				PRODUCT_BUNDLE_IDENTIFIER = "SeoungHyukLee.gunnihaeba-iOS";
				PRODUCT_NAME = "$(TARGET_NAME)";
				SWIFT_EMIT_LOC_STRINGS = YES;
				SWIFT_VERSION = 5.0;
				TARGETED_DEVICE_FAMILY = "1,2";
			};
			name = Release;
		};
/* End XCBuildConfiguration section */

/* Begin XCConfigurationList section */
		4205166F2C23ECFF009D7B48 /* Build configuration list for PBXProject "gunnihaeba-iOS" */ = {
			isa = XCConfigurationList;
			buildConfigurations = (
				420516802C23ECFF009D7B48 /* Debug */,
				420516812C23ECFF009D7B48 /* Release */,
			);
			defaultConfigurationIsVisible = 0;
			defaultConfigurationName = Release;
		};
		420516822C23ECFF009D7B48 /* Build configuration list for PBXNativeTarget "gunnihaeba-iOS" */ = {
			isa = XCConfigurationList;
			buildConfigurations = (
				420516832C23ECFF009D7B48 /* Debug */,
				420516842C23ECFF009D7B48 /* Release */,
			);
			defaultConfigurationIsVisible = 0;
			defaultConfigurationName = Release;
		};
/* End XCConfigurationList section */
	};
	rootObject = 4205166C2C23ECFF009D7B48 /* Project object */;
}
